
Microsoft Visual Studio Solution File, Format Version 11.00
# Visual Studio 2010
Project("{FAE04EC0-301F-11D3-BF4B-00C04F79EFBC}") = "RainbowCMS.Domain", "RainbowCMS.Domain\RainbowCMS.Domain.csproj", "{B1770B04-F30F-4BD1-A24F-2716451008A7}"
EndProject
Project("{FAE04EC0-301F-11D3-BF4B-00C04F79EFBC}") = "RainbowCMS.Infrastructure", "RainbowCMS.Infrastructure\RainbowCMS.Infrastructure.csproj", "{27A9CFEC-69AB-418C-A616-9040DA7931EC}"
EndProject
Project("{FAE04EC0-301F-11D3-BF4B-00C04F79EFBC}") = "RainbowCMS.Domain.Repositories", "RainbowCMS.Domain.Repositories\RainbowCMS.Domain.Repositories.csproj", "{69070930-3D5D-44E2-8E61-9B063D94E6D4}"
EndProject
Project("{FAE04EC0-301F-11D3-BF4B-00C04F79EFBC}") = "RainbowCMS.Application", "RainbowCMS.Application\RainbowCMS.Application.csproj", "{2CD18F23-D01E-4493-96EA-E59389FDD3C0}"
EndProject
Global
	GlobalSection(SolutionConfigurationPlatforms) = preSolution
		Debug|Any CPU = Debug|Any CPU
		Debug|Mixed Platforms = Debug|Mixed Platforms
		Debug|x86 = Debug|x86
		Release|Any CPU = Release|Any CPU
		Release|Mixed Platforms = Release|Mixed Platforms
		Release|x86 = Release|x86
	EndGlobalSection
	GlobalSection(ProjectConfigurationPlatforms) = postSolution
		{B1770B04-F30F-4BD1-A24F-2716451008A7}.Debug|Any CPU.ActiveCfg = Debug|Any CPU
		{B1770B04-F30F-4BD1-A24F-2716451008A7}.Debug|Any CPU.Build.0 = Debug|Any CPU
		{B1770B04-F30F-4BD1-A24F-2716451008A7}.Debug|Mixed Platforms.ActiveCfg = Debug|Any CPU
		{B1770B04-F30F-4BD1-A24F-2716451008A7}.Debug|Mixed Platforms.Build.0 = Debug|Any CPU
		{B1770B04-F30F-4BD1-A24F-2716451008A7}.Debug|x86.ActiveCfg = Debug|Any CPU
		{B1770B04-F30F-4BD1-A24F-2716451008A7}.Release|Any CPU.ActiveCfg = Release|Any CPU
		{B1770B04-F30F-4BD1-A24F-2716451008A7}.Release|Any CPU.Build.0 = Release|Any CPU
		{B1770B04-F30F-4BD1-A24F-2716451008A7}.Release|Mixed Platforms.ActiveCfg = Release|Any CPU
		{B1770B04-F30F-4BD1-A24F-2716451008A7}.Release|Mixed Platforms.Build.0 = Release|Any CPU
		{B1770B04-F30F-4BD1-A24F-2716451008A7}.Release|x86.ActiveCfg = Release|Any CPU
		{27A9CFEC-69AB-418C-A616-9040DA7931EC}.Debug|Any CPU.ActiveCfg = Debug|Any CPU
		{27A9CFEC-69AB-418C-A616-9040DA7931EC}.Debug|Any CPU.Build.0 = Debug|Any CPU
		{27A9CFEC-69AB-418C-A616-9040DA7931EC}.Debug|Mixed Platforms.ActiveCfg = Debug|Any CPU
		{27A9CFEC-69AB-418C-A616-9040DA7931EC}.Debug|Mixed Platforms.Build.0 = Debug|Any CPU
		{27A9CFEC-69AB-418C-A616-9040DA7931EC}.Debug|x86.ActiveCfg = Debug|Any CPU
		{27A9CFEC-69AB-418C-A616-9040DA7931EC}.Release|Any CPU.ActiveCfg = Release|Any CPU
		{27A9CFEC-69AB-418C-A616-9040DA7931EC}.Release|Any CPU.Build.0 = Release|Any CPU
		{27A9CFEC-69AB-418C-A616-9040DA7931EC}.Release|Mixed Platforms.ActiveCfg = Release|Any CPU
		{27A9CFEC-69AB-418C-A616-9040DA7931EC}.Release|Mixed Platforms.Build.0 = Release|Any CPU
		{27A9CFEC-69AB-418C-A616-9040DA7931EC}.Release|x86.ActiveCfg = Release|Any CPU
		{69070930-3D5D-44E2-8E61-9B063D94E6D4}.Debug|Any CPU.ActiveCfg = Debug|Any CPU
		{69070930-3D5D-44E2-8E61-9B063D94E6D4}.Debug|Any CPU.Build.0 = Debug|Any CPU
		{69070930-3D5D-44E2-8E61-9B063D94E6D4}.Debug|Mixed Platforms.ActiveCfg = Debug|Any CPU
		{69070930-3D5D-44E2-8E61-9B063D94E6D4}.Debug|Mixed Platforms.Build.0 = Debug|Any CPU
		{69070930-3D5D-44E2-8E61-9B063D94E6D4}.Debug|x86.ActiveCfg = Debug|Any CPU
		{69070930-3D5D-44E2-8E61-9B063D94E6D4}.Release|Any CPU.ActiveCfg = Release|Any CPU
		{69070930-3D5D-44E2-8E61-9B063D94E6D4}.Release|Any CPU.Build.0 = Release|Any CPU
		{69070930-3D5D-44E2-8E61-9B063D94E6D4}.Release|Mixed Platforms.ActiveCfg = Release|Any CPU
		{69070930-3D5D-44E2-8E61-9B063D94E6D4}.Release|Mixed Platforms.Build.0 = Release|Any CPU
		{69070930-3D5D-44E2-8E61-9B063D94E6D4}.Release|x86.ActiveCfg = Release|Any CPU
		{2CD18F23-D01E-4493-96EA-E59389FDD3C0}.Debug|Any CPU.ActiveCfg = Debug|Any CPU
		{2CD18F23-D01E-4493-96EA-E59389FDD3C0}.Debug|Any CPU.Build.0 = Debug|Any CPU
		{2CD18F23-D01E-4493-96EA-E59389FDD3C0}.Debug|Mixed Platforms.ActiveCfg = Debug|Any CPU
		{2CD18F23-D01E-4493-96EA-E59389FDD3C0}.Debug|Mixed Platforms.Build.0 = Debug|Any CPU
		{2CD18F23-D01E-4493-96EA-E59389FDD3C0}.Debug|x86.ActiveCfg = Debug|Any CPU
		{2CD18F23-D01E-4493-96EA-E59389FDD3C0}.Release|Any CPU.ActiveCfg = Release|Any CPU
		{2CD18F23-D01E-4493-96EA-E59389FDD3C0}.Release|Any CPU.Build.0 = Release|Any CPU
		{2CD18F23-D01E-4493-96EA-E59389FDD3C0}.Release|Mixed Platforms.ActiveCfg = Release|Any CPU
		{2CD18F23-D01E-4493-96EA-E59389FDD3C0}.Release|Mixed Platforms.Build.0 = Release|Any CPU
		{2CD18F23-D01E-4493-96EA-E59389FDD3C0}.Release|x86.ActiveCfg = Release|Any CPU
	EndGlobalSection
	GlobalSection(SolutionProperties) = preSolution
		HideSolutionNode = FALSE
	EndGlobalSection
EndGlobal
